// !$*UTF8*$!
{
	archiveVersion = 1;
	classes = {
	};
	objectVersion = 46;
	objects = {

/* Begin PBXBuildFile section */
		5A5001681651E1E30063969C /* Player.m in Sources */ = {isa = PBXBuildFile; fileRef = 5A5001671651E1E30063969C /* Player.m */; };
		5A50016C1651E68C0063969C /* ClueCharacter.m in Sources */ = {isa = PBXBuildFile; fileRef = 5A50016B1651E68C0063969C /* ClueCharacter.m */; };
		5AE11426163C442500F89A14 /* UIKit.framework in Frameworks */ = {isa = PBXBuildFile; fileRef = 5AE11425163C442500F89A14 /* UIKit.framework */; };
		5AE11428163C442500F89A14 /* Foundation.framework in Frameworks */ = {isa = PBXBuildFile; fileRef = 5AE11427163C442500F89A14 /* Foundation.framework */; };
		5AE1142A163C442500F89A14 /* CoreGraphics.framework in Frameworks */ = {isa = PBXBuildFile; fileRef = 5AE11429163C442500F89A14 /* CoreGraphics.framework */; };
		5AE11430163C442500F89A14 /* InfoPlist.strings in Resources */ = {isa = PBXBuildFile; fileRef = 5AE1142E163C442500F89A14 /* InfoPlist.strings */; };
		5AE11432163C442500F89A14 /* main.m in Sources */ = {isa = PBXBuildFile; fileRef = 5AE11431163C442500F89A14 /* main.m */; };
		5AE11436163C442500F89A14 /* AppDelegate.m in Sources */ = {isa = PBXBuildFile; fileRef = 5AE11435163C442500F89A14 /* AppDelegate.m */; };
		5AE11438163C442500F89A14 /* Default.png in Resources */ = {isa = PBXBuildFile; fileRef = 5AE11437163C442500F89A14 /* Default.png */; };
		5AE1143A163C442500F89A14 /* Default@2x.png in Resources */ = {isa = PBXBuildFile; fileRef = 5AE11439163C442500F89A14 /* Default@2x.png */; };
		5AE1143C163C442500F89A14 /* Default-568h@2x.png in Resources */ = {isa = PBXBuildFile; fileRef = 5AE1143B163C442500F89A14 /* Default-568h@2x.png */; };
		5AE1143F163C442500F89A14 /* MainStoryboard.storyboard in Resources */ = {isa = PBXBuildFile; fileRef = 5AE1143D163C442500F89A14 /* MainStoryboard.storyboard */; };
		5AE11442163C442500F89A14 /* TitleViewController.m in Sources */ = {isa = PBXBuildFile; fileRef = 5AE11441163C442500F89A14 /* TitleViewController.m */; };
		5AE1144A163C442500F89A14 /* SenTestingKit.framework in Frameworks */ = {isa = PBXBuildFile; fileRef = 5AE11449163C442500F89A14 /* SenTestingKit.framework */; };
		5AE1144B163C442600F89A14 /* UIKit.framework in Frameworks */ = {isa = PBXBuildFile; fileRef = 5AE11425163C442500F89A14 /* UIKit.framework */; };
		5AE1144C163C442600F89A14 /* Foundation.framework in Frameworks */ = {isa = PBXBuildFile; fileRef = 5AE11427163C442500F89A14 /* Foundation.framework */; };
		5AE11454163C442600F89A14 /* InfoPlist.strings in Resources */ = {isa = PBXBuildFile; fileRef = 5AE11452163C442600F89A14 /* InfoPlist.strings */; };
		5AE11461163C447C00F89A14 /* GameKit.framework in Frameworks */ = {isa = PBXBuildFile; fileRef = 5AE11460163C447C00F89A14 /* GameKit.framework */; };
		5AF3A0BB165185AF0020A766 /* MatchState.m in Sources */ = {isa = PBXBuildFile; fileRef = 5AF3A0BA165185AF0020A766 /* MatchState.m */; };
		FBAE2367165DBD7B00AA2B34 /* CharacterTest.m in Sources */ = {isa = PBXBuildFile; fileRef = FBAE2366165DBD7B00AA2B34 /* CharacterTest.m */; };
/* End PBXBuildFile section */

/* Begin PBXContainerItemProxy section */
		5AE1144D163C442600F89A14 /* PBXContainerItemProxy */ = {
			isa = PBXContainerItemProxy;
			containerPortal = 5AE11418163C442500F89A14 /* Project object */;
			proxyType = 1;
			remoteGlobalIDString = 5AE11420163C442500F89A14;
			remoteInfo = Clueless;
		};
/* End PBXContainerItemProxy section */

/* Begin PBXFileReference section */
		5A5001661651E1E30063969C /* Player.h */ = {isa = PBXFileReference; fileEncoding = 4; lastKnownFileType = sourcecode.c.h; path = Player.h; sourceTree = "<group>"; };
		5A5001671651E1E30063969C /* Player.m */ = {isa = PBXFileReference; fileEncoding = 4; lastKnownFileType = sourcecode.c.objc; path = Player.m; sourceTree = "<group>"; };
		5A50016A1651E68C0063969C /* ClueCharacter.h */ = {isa = PBXFileReference; fileEncoding = 4; lastKnownFileType = sourcecode.c.h; path = ClueCharacter.h; sourceTree = "<group>"; };
		5A50016B1651E68C0063969C /* ClueCharacter.m */ = {isa = PBXFileReference; fileEncoding = 4; lastKnownFileType = sourcecode.c.objc; path = ClueCharacter.m; sourceTree = "<group>"; };
		5AE11421163C442500F89A14 /* Clueless.app */ = {isa = PBXFileReference; explicitFileType = wrapper.application; includeInIndex = 0; path = Clueless.app; sourceTree = BUILT_PRODUCTS_DIR; };
		5AE11425163C442500F89A14 /* UIKit.framework */ = {isa = PBXFileReference; lastKnownFileType = wrapper.framework; name = UIKit.framework; path = System/Library/Frameworks/UIKit.framework; sourceTree = SDKROOT; };
		5AE11427163C442500F89A14 /* Foundation.framework */ = {isa = PBXFileReference; lastKnownFileType = wrapper.framework; name = Foundation.framework; path = System/Library/Frameworks/Foundation.framework; sourceTree = SDKROOT; };
		5AE11429163C442500F89A14 /* CoreGraphics.framework */ = {isa = PBXFileReference; lastKnownFileType = wrapper.framework; name = CoreGraphics.framework; path = System/Library/Frameworks/CoreGraphics.framework; sourceTree = SDKROOT; };
		5AE1142D163C442500F89A14 /* Clueless-Info.plist */ = {isa = PBXFileReference; lastKnownFileType = text.plist.xml; path = "Clueless-Info.plist"; sourceTree = "<group>"; };
		5AE1142F163C442500F89A14 /* en */ = {isa = PBXFileReference; lastKnownFileType = text.plist.strings; name = en; path = en.lproj/InfoPlist.strings; sourceTree = "<group>"; };
		5AE11431163C442500F89A14 /* main.m */ = {isa = PBXFileReference; lastKnownFileType = sourcecode.c.objc; path = main.m; sourceTree = "<group>"; };
		5AE11433163C442500F89A14 /* Clueless-Prefix.pch */ = {isa = PBXFileReference; lastKnownFileType = sourcecode.c.h; path = "Clueless-Prefix.pch"; sourceTree = "<group>"; };
		5AE11434163C442500F89A14 /* AppDelegate.h */ = {isa = PBXFileReference; lastKnownFileType = sourcecode.c.h; path = AppDelegate.h; sourceTree = "<group>"; };
		5AE11435163C442500F89A14 /* AppDelegate.m */ = {isa = PBXFileReference; lastKnownFileType = sourcecode.c.objc; path = AppDelegate.m; sourceTree = "<group>"; };
		5AE11437163C442500F89A14 /* Default.png */ = {isa = PBXFileReference; lastKnownFileType = image.png; path = Default.png; sourceTree = "<group>"; };
		5AE11439163C442500F89A14 /* Default@2x.png */ = {isa = PBXFileReference; lastKnownFileType = image.png; path = "Default@2x.png"; sourceTree = "<group>"; };
		5AE1143B163C442500F89A14 /* Default-568h@2x.png */ = {isa = PBXFileReference; lastKnownFileType = image.png; path = "Default-568h@2x.png"; sourceTree = "<group>"; };
		5AE1143E163C442500F89A14 /* en */ = {isa = PBXFileReference; lastKnownFileType = file.storyboard; name = en; path = en.lproj/MainStoryboard.storyboard; sourceTree = "<group>"; };
		5AE11440163C442500F89A14 /* TitleViewController.h */ = {isa = PBXFileReference; lastKnownFileType = sourcecode.c.h; path = TitleViewController.h; sourceTree = "<group>"; };
		5AE11441163C442500F89A14 /* TitleViewController.m */ = {isa = PBXFileReference; lastKnownFileType = sourcecode.c.objc; path = TitleViewController.m; sourceTree = "<group>"; };
		5AE11448163C442500F89A14 /* CluelessTests.octest */ = {isa = PBXFileReference; explicitFileType = wrapper.cfbundle; includeInIndex = 0; path = CluelessTests.octest; sourceTree = BUILT_PRODUCTS_DIR; };
		5AE11449163C442500F89A14 /* SenTestingKit.framework */ = {isa = PBXFileReference; lastKnownFileType = wrapper.framework; name = SenTestingKit.framework; path = Library/Frameworks/SenTestingKit.framework; sourceTree = DEVELOPER_DIR; };
		5AE11451163C442600F89A14 /* CluelessTests-Info.plist */ = {isa = PBXFileReference; lastKnownFileType = text.plist.xml; path = "CluelessTests-Info.plist"; sourceTree = "<group>"; };
		5AE11453163C442600F89A14 /* en */ = {isa = PBXFileReference; lastKnownFileType = text.plist.strings; name = en; path = en.lproj/InfoPlist.strings; sourceTree = "<group>"; };
		5AE11460163C447C00F89A14 /* GameKit.framework */ = {isa = PBXFileReference; lastKnownFileType = wrapper.framework; name = GameKit.framework; path = System/Library/Frameworks/GameKit.framework; sourceTree = SDKROOT; };
		5AF3A0B9165185AF0020A766 /* MatchState.h */ = {isa = PBXFileReference; fileEncoding = 4; lastKnownFileType = sourcecode.c.h; path = MatchState.h; sourceTree = "<group>"; };
		5AF3A0BA165185AF0020A766 /* MatchState.m */ = {isa = PBXFileReference; fileEncoding = 4; lastKnownFileType = sourcecode.c.objc; path = MatchState.m; sourceTree = "<group>"; };
		FBAE2365165DBD7B00AA2B34 /* CharacterTest.h */ = {isa = PBXFileReference; fileEncoding = 4; lastKnownFileType = sourcecode.c.h; path = CharacterTest.h; sourceTree = "<group>"; };
		FBAE2366165DBD7B00AA2B34 /* CharacterTest.m */ = {isa = PBXFileReference; fileEncoding = 4; lastKnownFileType = sourcecode.c.objc; path = CharacterTest.m; sourceTree = "<group>"; };
/* End PBXFileReference section */

/* Begin PBXFrameworksBuildPhase section */
		5AE1141E163C442500F89A14 /* Frameworks */ = {
			isa = PBXFrameworksBuildPhase;
			buildActionMask = 2147483647;
			files = (
				5AE11461163C447C00F89A14 /* GameKit.framework in Frameworks */,
				5AE11426163C442500F89A14 /* UIKit.framework in Frameworks */,
				5AE11428163C442500F89A14 /* Foundation.framework in Frameworks */,
				5AE1142A163C442500F89A14 /* CoreGraphics.framework in Frameworks */,
			);
			runOnlyForDeploymentPostprocessing = 0;
		};
		5AE11444163C442500F89A14 /* Frameworks */ = {
			isa = PBXFrameworksBuildPhase;
			buildActionMask = 2147483647;
			files = (
				5AE1144A163C442500F89A14 /* SenTestingKit.framework in Frameworks */,
				5AE1144B163C442600F89A14 /* UIKit.framework in Frameworks */,
				5AE1144C163C442600F89A14 /* Foundation.framework in Frameworks */,
			);
			runOnlyForDeploymentPostprocessing = 0;
		};
/* End PBXFrameworksBuildPhase section */

/* Begin PBXGroup section */
		5AE11416163C442500F89A14 = {
			isa = PBXGroup;
			children = (
				5AE1142B163C442500F89A14 /* Clueless */,
				5AE1144F163C442600F89A14 /* CluelessTests */,
				5AE11424163C442500F89A14 /* Frameworks */,
				5AE11422163C442500F89A14 /* Products */,
			);
			sourceTree = "<group>";
		};
		5AE11422163C442500F89A14 /* Products */ = {
			isa = PBXGroup;
			children = (
				5AE11421163C442500F89A14 /* Clueless.app */,
				5AE11448163C442500F89A14 /* CluelessTests.octest */,
			);
			name = Products;
			sourceTree = "<group>";
		};
		5AE11424163C442500F89A14 /* Frameworks */ = {
			isa = PBXGroup;
			children = (
				5AE11460163C447C00F89A14 /* GameKit.framework */,
				5AE11425163C442500F89A14 /* UIKit.framework */,
				5AE11427163C442500F89A14 /* Foundation.framework */,
				5AE11429163C442500F89A14 /* CoreGraphics.framework */,
				5AE11449163C442500F89A14 /* SenTestingKit.framework */,
			);
			name = Frameworks;
			sourceTree = "<group>";
		};
		5AE1142B163C442500F89A14 /* Clueless */ = {
			isa = PBXGroup;
			children = (
				5AF3A0B8165185970020A766 /* Model */,
				5AE11434163C442500F89A14 /* AppDelegate.h */,
				5AE11435163C442500F89A14 /* AppDelegate.m */,
				5AE1143D163C442500F89A14 /* MainStoryboard.storyboard */,
				5AE11440163C442500F89A14 /* TitleViewController.h */,
				5AE11441163C442500F89A14 /* TitleViewController.m */,
				5AE1142C163C442500F89A14 /* Supporting Files */,
			);
			path = Clueless;
			sourceTree = "<group>";
		};
		5AE1142C163C442500F89A14 /* Supporting Files */ = {
			isa = PBXGroup;
			children = (
				5AE1142D163C442500F89A14 /* Clueless-Info.plist */,
				5AE1142E163C442500F89A14 /* InfoPlist.strings */,
				5AE11431163C442500F89A14 /* main.m */,
				5AE11433163C442500F89A14 /* Clueless-Prefix.pch */,
				5AE11437163C442500F89A14 /* Default.png */,
				5AE11439163C442500F89A14 /* Default@2x.png */,
				5AE1143B163C442500F89A14 /* Default-568h@2x.png */,
			);
			name = "Supporting Files";
			sourceTree = "<group>";
		};
		5AE1144F163C442600F89A14 /* CluelessTests */ = {
			isa = PBXGroup;
			children = (
				5AE11450163C442600F89A14 /* Supporting Files */,
				FBAE2365165DBD7B00AA2B34 /* CharacterTest.h */,
				FBAE2366165DBD7B00AA2B34 /* CharacterTest.m */,
			);
			path = CluelessTests;
			sourceTree = "<group>";
		};
		5AE11450163C442600F89A14 /* Supporting Files */ = {
			isa = PBXGroup;
			children = (
				5AE11451163C442600F89A14 /* CluelessTests-Info.plist */,
				5AE11452163C442600F89A14 /* InfoPlist.strings */,
			);
			name = "Supporting Files";
			sourceTree = "<group>";
		};
		5AF3A0B8165185970020A766 /* Model */ = {
			isa = PBXGroup;
			children = (
				5AF3A0B9165185AF0020A766 /* MatchState.h */,
				5AF3A0BA165185AF0020A766 /* MatchState.m */,
				5A5001661651E1E30063969C /* Player.h */,
				5A5001671651E1E30063969C /* Player.m */,
				5A50016A1651E68C0063969C /* ClueCharacter.h */,
				5A50016B1651E68C0063969C /* ClueCharacter.m */,
			);
			name = Model;
			sourceTree = "<group>";
		};
/* End PBXGroup section */

/* Begin PBXNativeTarget section */
		5AE11420163C442500F89A14 /* Clueless */ = {
			isa = PBXNativeTarget;
			buildConfigurationList = 5AE1145A163C442600F89A14 /* Build configuration list for PBXNativeTarget "Clueless" */;
			buildPhases = (
				5AE1141D163C442500F89A14 /* Sources */,
				5AE1141E163C442500F89A14 /* Frameworks */,
				5AE1141F163C442500F89A14 /* Resources */,
			);
			buildRules = (
			);
			dependencies = (
			);
			name = Clueless;
			productName = Clueless;
			productReference = 5AE11421163C442500F89A14 /* Clueless.app */;
			productType = "com.apple.product-type.application";
		};
		5AE11447163C442500F89A14 /* CluelessTests */ = {
			isa = PBXNativeTarget;
			buildConfigurationList = 5AE1145D163C442600F89A14 /* Build configuration list for PBXNativeTarget "CluelessTests" */;
			buildPhases = (
				5AE11443163C442500F89A14 /* Sources */,
				5AE11444163C442500F89A14 /* Frameworks */,
				5AE11445163C442500F89A14 /* Resources */,
				5AE11446163C442500F89A14 /* ShellScript */,
			);
			buildRules = (
			);
			dependencies = (
				5AE1144E163C442600F89A14 /* PBXTargetDependency */,
			);
			name = CluelessTests;
			productName = CluelessTests;
			productReference = 5AE11448163C442500F89A14 /* CluelessTests.octest */;
			productType = "com.apple.product-type.bundle";
		};
/* End PBXNativeTarget section */

/* Begin PBXProject section */
		5AE11418163C442500F89A14 /* Project object */ = {
			isa = PBXProject;
			attributes = {
				LastUpgradeCheck = 0450;
				ORGANIZATIONNAME = "Johns Hopkins University";
			};
			buildConfigurationList = 5AE1141B163C442500F89A14 /* Build configuration list for PBXProject "Clueless" */;
			compatibilityVersion = "Xcode 3.2";
			developmentRegion = English;
			hasScannedForEncodings = 0;
			knownRegions = (
				en,
			);
			mainGroup = 5AE11416163C442500F89A14;
			productRefGroup = 5AE11422163C442500F89A14 /* Products */;
			projectDirPath = "";
			projectRoot = "";
			targets = (
				5AE11420163C442500F89A14 /* Clueless */,
				5AE11447163C442500F89A14 /* CluelessTests */,
			);
		};
/* End PBXProject section */

/* Begin PBXResourcesBuildPhase section */
		5AE1141F163C442500F89A14 /* Resources */ = {
			isa = PBXResourcesBuildPhase;
			buildActionMask = 2147483647;
			files = (
				5AE11430163C442500F89A14 /* InfoPlist.strings in Resources */,
				5AE11438163C442500F89A14 /* Default.png in Resources */,
				5AE1143A163C442500F89A14 /* Default@2x.png in Resources */,
				5AE1143C163C442500F89A14 /* Default-568h@2x.png in Resources */,
				5AE1143F163C442500F89A14 /* MainStoryboard.storyboard in Resources */,
			);
			runOnlyForDeploymentPostprocessing = 0;
		};
		5AE11445163C442500F89A14 /* Resources */ = {
			isa = PBXResourcesBuildPhase;
			buildActionMask = 2147483647;
			files = (
				5AE11454163C442600F89A14 /* InfoPlist.strings in Resources */,
			);
			runOnlyForDeploymentPostprocessing = 0;
		};
/* End PBXResourcesBuildPhase section */

/* Begin PBXShellScriptBuildPhase section */
		5AE11446163C442500F89A14 /* ShellScript */ = {
			isa = PBXShellScriptBuildPhase;
			buildActionMask = 2147483647;
			files = (
			);
			inputPaths = (
			);
			outputPaths = (
			);
			runOnlyForDeploymentPostprocessing = 0;
			shellPath = /bin/sh;
			shellScript = "# Run the unit tests in this test bundle.\n\"${SYSTEM_DEVELOPER_DIR}/Tools/RunUnitTests\"\n";
		};
/* End PBXShellScriptBuildPhase section */

/* Begin PBXSourcesBuildPhase section */
		5AE1141D163C442500F89A14 /* Sources */ = {
			isa = PBXSourcesBuildPhase;
			buildActionMask = 2147483647;
			files = (
				5AE11432163C442500F89A14 /* main.m in Sources */,
				5AE11436163C442500F89A14 /* AppDelegate.m in Sources */,
				5AE11442163C442500F89A14 /* TitleViewController.m in Sources */,
				5AF3A0BB165185AF0020A766 /* MatchState.m in Sources */,
				5A5001681651E1E30063969C /* Player.m in Sources */,
				5A50016C1651E68C0063969C /* ClueCharacter.m in Sources */,
			);
			runOnlyForDeploymentPostprocessing = 0;
		};
		5AE11443163C442500F89A14 /* Sources */ = {
			isa = PBXSourcesBuildPhase;
			buildActionMask = 2147483647;
			files = (
				FBAE2367165DBD7B00AA2B34 /* CharacterTest.m in Sources */,
			);
			runOnlyForDeploymentPostprocessing = 0;
		};
/* End PBXSourcesBuildPhase section */

/* Begin PBXTargetDependency section */
		5AE1144E163C442600F89A14 /* PBXTargetDependency */ = {
			isa = PBXTargetDependency;
			target = 5AE11420163C442500F89A14 /* Clueless */;
			targetProxy = 5AE1144D163C442600F89A14 /* PBXContainerItemProxy */;
		};
/* End PBXTargetDependency section */

/* Begin PBXVariantGroup section */
		5AE1142E163C442500F89A14 /* InfoPlist.strings */ = {
			isa = PBXVariantGroup;
			children = (
				5AE1142F163C442500F89A14 /* en */,
			);
			name = InfoPlist.strings;
			sourceTree = "<group>";
		};
		5AE1143D163C442500F89A14 /* MainStoryboard.storyboard */ = {
			isa = PBXVariantGroup;
			children = (
				5AE1143E163C442500F89A14 /* en */,
			);
			name = MainStoryboard.storyboard;
			sourceTree = "<group>";
		};
		5AE11452163C442600F89A14 /* InfoPlist.strings */ = {
			isa = PBXVariantGroup;
			children = (
				5AE11453163C442600F89A14 /* en */,
			);
			name = InfoPlist.strings;
			sourceTree = "<group>";
		};
/* End PBXVariantGroup section */

/* Begin XCBuildConfiguration section */
		5AE11458163C442600F89A14 /* Debug */ = {
			isa = XCBuildConfiguration;
			buildSettings = {
				ALWAYS_SEARCH_USER_PATHS = NO;
				CLANG_CXX_LANGUAGE_STANDARD = "gnu++0x";
				CLANG_CXX_LIBRARY = "libc++";
				CLANG_ENABLE_OBJC_ARC = YES;
				CLANG_WARN_EMPTY_BODY = YES;
				CLANG_WARN__DUPLICATE_METHOD_MATCH = YES;
				"CODE_SIGN_IDENTITY[sdk=iphoneos*]" = "iPhone Developer";
				COPY_PHASE_STRIP = NO;
				GCC_C_LANGUAGE_STANDARD = gnu99;
				GCC_DYNAMIC_NO_PIC = NO;
				GCC_OPTIMIZATION_LEVEL = 0;
				GCC_PREPROCESSOR_DEFINITIONS = (
					"DEBUG=1",
					"$(inherited)",
				);
				GCC_SYMBOLS_PRIVATE_EXTERN = NO;
				GCC_WARN_ABOUT_RETURN_TYPE = YES;
				GCC_WARN_UNINITIALIZED_AUTOS = YES;
				GCC_WARN_UNUSED_VARIABLE = YES;
				IPHONEOS_DEPLOYMENT_TARGET = 6.0;
				ONLY_ACTIVE_ARCH = YES;
				SDKROOT = iphoneos;
				TARGETED_DEVICE_FAMILY = 2;
			};
			name = Debug;
		};
		5AE11459163C442600F89A14 /* Release */ = {
			isa = XCBuildConfiguration;
			buildSettings = {
				ALWAYS_SEARCH_USER_PATHS = NO;
				CLANG_CXX_LANGUAGE_STANDARD = "gnu++0x";
				CLANG_CXX_LIBRARY = "libc++";
				CLANG_ENABLE_OBJC_ARC = YES;
				CLANG_WARN_EMPTY_BODY = YES;
				CLANG_WARN__DUPLICATE_METHOD_MATCH = YES;
				"CODE_SIGN_IDENTITY[sdk=iphoneos*]" = "iPhone Developer";
				COPY_PHASE_STRIP = YES;
				GCC_C_LANGUAGE_STANDARD = gnu99;
				GCC_WARN_ABOUT_RETURN_TYPE = YES;
				GCC_WARN_UNINITIALIZED_AUTOS = YES;
				GCC_WARN_UNUSED_VARIABLE = YES;
				IPHONEOS_DEPLOYMENT_TARGET = 6.0;
				OTHER_CFLAGS = "-DNS_BLOCK_ASSERTIONS=1";
				SDKROOT = iphoneos;
				TARGETED_DEVICE_FAMILY = 2;
				VALIDATE_PRODUCT = YES;
			};
			name = Release;
		};
		5AE1145B163C442600F89A14 /* Debug */ = {
			isa = XCBuildConfiguration;
			buildSettings = {
				GCC_PRECOMPILE_PREFIX_HEADER = YES;
				GCC_PREFIX_HEADER = "Clueless/Clueless-Prefix.pch";
				INFOPLIST_FILE = "Clueless/Clueless-Info.plist";
				PRODUCT_NAME = "$(TARGET_NAME)";
				WRAPPER_EXTENSION = app;
			};
			name = Debug;
		};
		5AE1145C163C442600F89A14 /* Release */ = {
			isa = XCBuildConfiguration;
			buildSettings = {
				GCC_PRECOMPILE_PREFIX_HEADER = YES;
				GCC_PREFIX_HEADER = "Clueless/Clueless-Prefix.pch";
				INFOPLIST_FILE = "Clueless/Clueless-Info.plist";
				PRODUCT_NAME = "$(TARGET_NAME)";
				WRAPPER_EXTENSION = app;
			};
			name = Release;
		};
		5AE1145E163C442600F89A14 /* Debug */ = {
			isa = XCBuildConfiguration;
			buildSettings = {
				BUNDLE_LOADER = "$(BUILT_PRODUCTS_DIR)/Clueless.app/Clueless";
				FRAMEWORK_SEARCH_PATHS = (
					"\"$(SDKROOT)/Developer/Library/Frameworks\"",
					"\"$(DEVELOPER_LIBRARY_DIR)/Frameworks\"",
				);
				GCC_PRECOMPILE_PREFIX_HEADER = YES;
				GCC_PREFIX_HEADER = "Clueless/Clueless-Prefix.pch";
				INFOPLIST_FILE = "CluelessTests/CluelessTests-Info.plist";
				PRODUCT_NAME = "$(TARGET_NAME)";
				TEST_HOST = "$(BUNDLE_LOADER)";
				WRAPPER_EXTENSION = octest;
			};
			name = Debug;
		};
		5AE1145F163C442600F89A14 /* Release */ = {
			isa = XCBuildConfiguration;
			buildSettings = {
				BUNDLE_LOADER = "$(BUILT_PRODUCTS_DIR)/Clueless.app/Clueless";
				FRAMEWORK_SEARCH_PATHS = (
					"\"$(SDKROOT)/Developer/Library/Frameworks\"",
					"\"$(DEVELOPER_LIBRARY_DIR)/Frameworks\"",
				);
				GCC_PRECOMPILE_PREFIX_HEADER = YES;
				GCC_PREFIX_HEADER = "Clueless/Clueless-Prefix.pch";
				INFOPLIST_FILE = "CluelessTests/CluelessTests-Info.plist";
				PRODUCT_NAME = "$(TARGET_NAME)";
				TEST_HOST = "$(BUNDLE_LOADER)";
				WRAPPER_EXTENSION = octest;
			};
			name = Release;
		};
/* End XCBuildConfiguration section */

/* Begin XCConfigurationList section */
		5AE1141B163C442500F89A14 /* Build configuration list for PBXProject "Clueless" */ = {
			isa = XCConfigurationList;
			buildConfigurations = (
				5AE11458163C442600F89A14 /* Debug */,
				5AE11459163C442600F89A14 /* Release */,
			);
			defaultConfigurationIsVisible = 0;
			defaultConfigurationName = Release;
		};
		5AE1145A163C442600F89A14 /* Build configuration list for PBXNativeTarget "Clueless" */ = {
			isa = XCConfigurationList;
			buildConfigurations = (
				5AE1145B163C442600F89A14 /* Debug */,
				5AE1145C163C442600F89A14 /* Release */,
			);
			defaultConfigurationIsVisible = 0;
			defaultConfigurationName = Release;
		};
		5AE1145D163C442600F89A14 /* Build configuration list for PBXNativeTarget "CluelessTests" */ = {
			isa = XCConfigurationList;
			buildConfigurations = (
				5AE1145E163C442600F89A14 /* Debug */,
				5AE1145F163C442600F89A14 /* Release */,
			);
			defaultConfigurationIsVisible = 0;
			defaultConfigurationName = Release;
		};
/* End XCConfigurationList section */
	};
	rootObject = 5AE11418163C442500F89A14 /* Project object */;
}
